
Microsoft Visual Studio Solution File, Format Version 12.00
# Visual Studio 15
VisualStudioVersion = 15.0.27130.2027
MinimumVisualStudioVersion = 10.0.40219.1
Project("{9A19103F-16F7-4668-BE54-9A1E7A4F7556}") = "Dawnx", "Dawnx\Dawnx.csproj", "{DCDDA957-FD90-4D59-AA74-59A2493CF326}"
EndProject
Project("{2150E333-8FDC-42A3-9474-1A3956D46DE8}") = "~Library", "~Library", "{479BE379-D398-4FA3-BD06-685FCF2B159D}"
EndProject
Project("{2150E333-8FDC-42A3-9474-1A3956D46DE8}") = "~NPOI", "~NPOI", "{031114DE-80D6-48E8-9A31-7AA6137D97C6}"
EndProject
Project("{2150E333-8FDC-42A3-9474-1A3956D46DE8}") = "~Xml", "~Xml", "{D43DE92F-89D8-4C40-A587-C7937C2F165F}"
EndProject
Project("{2150E333-8FDC-42A3-9474-1A3956D46DE8}") = "~Security", "~Security", "{51219A46-DF81-4247-B331-7C8FC467F29F}"
EndProject
Project("{9A19103F-16F7-4668-BE54-9A1E7A4F7556}") = "Dawnx.Test", "Dawnx.Test\Dawnx.Test.csproj", "{65F79880-CACC-4C74-B685-1178B7ABCE6B}"
EndProject
Project("{2150E333-8FDC-42A3-9474-1A3956D46DE8}") = "Solution Items", "Solution Items", "{3A99F3EC-3818-4804-9D02-0F154681F0D4}"
	ProjectSection(SolutionItems) = preProject
		jenkins.cmd = jenkins.cmd
		LICENSE = LICENSE
		push.cmd = push.cmd
		README.md = README.md
	EndProjectSection
EndProject
Project("{9A19103F-16F7-4668-BE54-9A1E7A4F7556}") = "Dawnx.Tools", "Dawnx.Tools\Dawnx.Tools.csproj", "{9AF3D5D3-66C1-4E26-B05D-16B036A738DE}"
EndProject
Project("{2150E333-8FDC-42A3-9474-1A3956D46DE8}") = "~Net", "~Net", "{4B0690BF-5F23-4C3E-8B1B-0DB4DC5E363B}"
EndProject
Project("{2150E333-8FDC-42A3-9474-1A3956D46DE8}") = "~AspNetCore", "~AspNetCore", "{9D73C6B2-404E-40C9-BF6F-D8EE648DEDC1}"
EndProject
Project("{9A19103F-16F7-4668-BE54-9A1E7A4F7556}") = "Dawnx.Tools.Test", "Dawnx.Tools.Test\Dawnx.Tools.Test.csproj", "{D7B9B8E8-1D04-4874-AB5B-F80170AF30C5}"
EndProject
Project("{9A19103F-16F7-4668-BE54-9A1E7A4F7556}") = "Dawnx.AspNetCore", "~Library\~AspNetCore\Dawnx.AspNetCore\Dawnx.AspNetCore.csproj", "{54981324-07A0-4C97-8F8D-D8E9FF845908}"
EndProject
Project("{9A19103F-16F7-4668-BE54-9A1E7A4F7556}") = "Dawnx.AspNetCore.IdentityUtility", "~Library\~AspNetCore\Dawnx.AspNetCore.IdentityUtility\Dawnx.AspNetCore.IdentityUtility.csproj", "{3CBEDCD5-335B-4C63-AA3D-16EACD43DE71}"
EndProject
Project("{9A19103F-16F7-4668-BE54-9A1E7A4F7556}") = "Dawnx.AspNetCore.LiveAccountUtility", "~Library\~AspNetCore\Dawnx.AspNetCore.LiveAccountUtility\Dawnx.AspNetCore.LiveAccountUtility.csproj", "{F5B77372-C7DE-4FE8-83CD-265C55916F4F}"
EndProject
Project("{9A19103F-16F7-4668-BE54-9A1E7A4F7556}") = "Dawnx.AspNetCore.Test", "~Library\~AspNetCore\Dawnx.AspNetCore.Test\Dawnx.AspNetCore.Test.csproj", "{4522341A-9909-4554-9B66-9CC1695183B4}"
EndProject
Project("{9A19103F-16F7-4668-BE54-9A1E7A4F7556}") = "Dawnx.Net", "~Library\~Net\Dawnx.Net\Dawnx.Net.csproj", "{E135D6AA-6EAF-4C98-AF96-E13C0E9118CF}"
EndProject
Project("{9A19103F-16F7-4668-BE54-9A1E7A4F7556}") = "Dawnx.Net.Test", "~Library\~Net\Dawnx.Net.Test\Dawnx.Net.Test.csproj", "{8B2CC64C-44D6-4955-BC50-9A89BC9A3194}"
EndProject
Project("{9A19103F-16F7-4668-BE54-9A1E7A4F7556}") = "Dawnx.NPOI", "~Library\~NPOI\Dawnx.NPOI\Dawnx.NPOI.csproj", "{85861994-25B8-4D30-87E3-7F67C24ACA9A}"
EndProject
Project("{9A19103F-16F7-4668-BE54-9A1E7A4F7556}") = "Dawnx.NPOI.Test", "~Library\~NPOI\Dawnx.NPOI.Test\Dawnx.NPOI.Test.csproj", "{DAFB5014-11A1-4D6C-AF21-6F8694E6F03F}"
EndProject
Project("{9A19103F-16F7-4668-BE54-9A1E7A4F7556}") = "Dawnx.Security", "~Library\~Security\Dawnx.Security\Dawnx.Security.csproj", "{A985514C-1939-437F-92BE-65457A0C5624}"
EndProject
Project("{9A19103F-16F7-4668-BE54-9A1E7A4F7556}") = "Dawnx.Security.Test", "~Library\~Security\Dawnx.Security.Test\Dawnx.Security.Test.csproj", "{D2F72C15-0B36-42BC-897F-D7FFA155B759}"
EndProject
Project("{9A19103F-16F7-4668-BE54-9A1E7A4F7556}") = "Dawnx.Xml", "~Library\~Xml\Dawnx.Xml\Dawnx.Xml.csproj", "{54CAF6BD-BEE6-4A90-9B41-308E15EB83AB}"
EndProject
Project("{9A19103F-16F7-4668-BE54-9A1E7A4F7556}") = "Dawnx.Xml.SampleWithHAP", "~Library\~Xml\Dawnx.Xml.SampleWithHAP\Dawnx.Xml.SampleWithHAP.csproj", "{67003A47-E79C-4A6F-B706-05404CD2390C}"
EndProject
Project("{9A19103F-16F7-4668-BE54-9A1E7A4F7556}") = "Dawnx.Xml.Test", "~Library\~Xml\Dawnx.Xml.Test\Dawnx.Xml.Test.csproj", "{50B3C732-6CB7-4382-8051-B7DB9DE89708}"
EndProject
Global
	GlobalSection(SolutionConfigurationPlatforms) = preSolution
		Debug|Any CPU = Debug|Any CPU
		Debug|x64 = Debug|x64
		Debug|x86 = Debug|x86
		Release|Any CPU = Release|Any CPU
		Release|x64 = Release|x64
		Release|x86 = Release|x86
	EndGlobalSection
	GlobalSection(ProjectConfigurationPlatforms) = postSolution
		{DCDDA957-FD90-4D59-AA74-59A2493CF326}.Debug|Any CPU.ActiveCfg = Debug|Any CPU
		{DCDDA957-FD90-4D59-AA74-59A2493CF326}.Debug|Any CPU.Build.0 = Debug|Any CPU
		{DCDDA957-FD90-4D59-AA74-59A2493CF326}.Debug|x64.ActiveCfg = Debug|Any CPU
		{DCDDA957-FD90-4D59-AA74-59A2493CF326}.Debug|x64.Build.0 = Debug|Any CPU
		{DCDDA957-FD90-4D59-AA74-59A2493CF326}.Debug|x86.ActiveCfg = Debug|Any CPU
		{DCDDA957-FD90-4D59-AA74-59A2493CF326}.Debug|x86.Build.0 = Debug|Any CPU
		{DCDDA957-FD90-4D59-AA74-59A2493CF326}.Release|Any CPU.ActiveCfg = Release|Any CPU
		{DCDDA957-FD90-4D59-AA74-59A2493CF326}.Release|Any CPU.Build.0 = Release|Any CPU
		{DCDDA957-FD90-4D59-AA74-59A2493CF326}.Release|x64.ActiveCfg = Release|Any CPU
		{DCDDA957-FD90-4D59-AA74-59A2493CF326}.Release|x64.Build.0 = Release|Any CPU
		{DCDDA957-FD90-4D59-AA74-59A2493CF326}.Release|x86.ActiveCfg = Release|Any CPU
		{DCDDA957-FD90-4D59-AA74-59A2493CF326}.Release|x86.Build.0 = Release|Any CPU
		{65F79880-CACC-4C74-B685-1178B7ABCE6B}.Debug|Any CPU.ActiveCfg = Debug|Any CPU
		{65F79880-CACC-4C74-B685-1178B7ABCE6B}.Debug|Any CPU.Build.0 = Debug|Any CPU
		{65F79880-CACC-4C74-B685-1178B7ABCE6B}.Debug|x64.ActiveCfg = Debug|Any CPU
		{65F79880-CACC-4C74-B685-1178B7ABCE6B}.Debug|x64.Build.0 = Debug|Any CPU
		{65F79880-CACC-4C74-B685-1178B7ABCE6B}.Debug|x86.ActiveCfg = Debug|Any CPU
		{65F79880-CACC-4C74-B685-1178B7ABCE6B}.Debug|x86.Build.0 = Debug|Any CPU
		{65F79880-CACC-4C74-B685-1178B7ABCE6B}.Release|Any CPU.ActiveCfg = Release|Any CPU
		{65F79880-CACC-4C74-B685-1178B7ABCE6B}.Release|Any CPU.Build.0 = Release|Any CPU
		{65F79880-CACC-4C74-B685-1178B7ABCE6B}.Release|x64.ActiveCfg = Release|Any CPU
		{65F79880-CACC-4C74-B685-1178B7ABCE6B}.Release|x64.Build.0 = Release|Any CPU
		{65F79880-CACC-4C74-B685-1178B7ABCE6B}.Release|x86.ActiveCfg = Release|Any CPU
		{65F79880-CACC-4C74-B685-1178B7ABCE6B}.Release|x86.Build.0 = Release|Any CPU
		{9AF3D5D3-66C1-4E26-B05D-16B036A738DE}.Debug|Any CPU.ActiveCfg = Debug|Any CPU
		{9AF3D5D3-66C1-4E26-B05D-16B036A738DE}.Debug|Any CPU.Build.0 = Debug|Any CPU
		{9AF3D5D3-66C1-4E26-B05D-16B036A738DE}.Debug|x64.ActiveCfg = Debug|Any CPU
		{9AF3D5D3-66C1-4E26-B05D-16B036A738DE}.Debug|x64.Build.0 = Debug|Any CPU
		{9AF3D5D3-66C1-4E26-B05D-16B036A738DE}.Debug|x86.ActiveCfg = Debug|Any CPU
		{9AF3D5D3-66C1-4E26-B05D-16B036A738DE}.Debug|x86.Build.0 = Debug|Any CPU
		{9AF3D5D3-66C1-4E26-B05D-16B036A738DE}.Release|Any CPU.ActiveCfg = Release|Any CPU
		{9AF3D5D3-66C1-4E26-B05D-16B036A738DE}.Release|Any CPU.Build.0 = Release|Any CPU
		{9AF3D5D3-66C1-4E26-B05D-16B036A738DE}.Release|x64.ActiveCfg = Release|Any CPU
		{9AF3D5D3-66C1-4E26-B05D-16B036A738DE}.Release|x64.Build.0 = Release|Any CPU
		{9AF3D5D3-66C1-4E26-B05D-16B036A738DE}.Release|x86.ActiveCfg = Release|Any CPU
		{9AF3D5D3-66C1-4E26-B05D-16B036A738DE}.Release|x86.Build.0 = Release|Any CPU
		{D7B9B8E8-1D04-4874-AB5B-F80170AF30C5}.Debug|Any CPU.ActiveCfg = Debug|Any CPU
		{D7B9B8E8-1D04-4874-AB5B-F80170AF30C5}.Debug|Any CPU.Build.0 = Debug|Any CPU
		{D7B9B8E8-1D04-4874-AB5B-F80170AF30C5}.Debug|x64.ActiveCfg = Debug|Any CPU
		{D7B9B8E8-1D04-4874-AB5B-F80170AF30C5}.Debug|x64.Build.0 = Debug|Any CPU
		{D7B9B8E8-1D04-4874-AB5B-F80170AF30C5}.Debug|x86.ActiveCfg = Debug|Any CPU
		{D7B9B8E8-1D04-4874-AB5B-F80170AF30C5}.Debug|x86.Build.0 = Debug|Any CPU
		{D7B9B8E8-1D04-4874-AB5B-F80170AF30C5}.Release|Any CPU.ActiveCfg = Release|Any CPU
		{D7B9B8E8-1D04-4874-AB5B-F80170AF30C5}.Release|Any CPU.Build.0 = Release|Any CPU
		{D7B9B8E8-1D04-4874-AB5B-F80170AF30C5}.Release|x64.ActiveCfg = Release|Any CPU
		{D7B9B8E8-1D04-4874-AB5B-F80170AF30C5}.Release|x64.Build.0 = Release|Any CPU
		{D7B9B8E8-1D04-4874-AB5B-F80170AF30C5}.Release|x86.ActiveCfg = Release|Any CPU
		{D7B9B8E8-1D04-4874-AB5B-F80170AF30C5}.Release|x86.Build.0 = Release|Any CPU
		{54981324-07A0-4C97-8F8D-D8E9FF845908}.Debug|Any CPU.ActiveCfg = Debug|Any CPU
		{54981324-07A0-4C97-8F8D-D8E9FF845908}.Debug|Any CPU.Build.0 = Debug|Any CPU
		{54981324-07A0-4C97-8F8D-D8E9FF845908}.Debug|x64.ActiveCfg = Debug|Any CPU
		{54981324-07A0-4C97-8F8D-D8E9FF845908}.Debug|x64.Build.0 = Debug|Any CPU
		{54981324-07A0-4C97-8F8D-D8E9FF845908}.Debug|x86.ActiveCfg = Debug|Any CPU
		{54981324-07A0-4C97-8F8D-D8E9FF845908}.Debug|x86.Build.0 = Debug|Any CPU
		{54981324-07A0-4C97-8F8D-D8E9FF845908}.Release|Any CPU.ActiveCfg = Release|Any CPU
		{54981324-07A0-4C97-8F8D-D8E9FF845908}.Release|Any CPU.Build.0 = Release|Any CPU
		{54981324-07A0-4C97-8F8D-D8E9FF845908}.Release|x64.ActiveCfg = Release|Any CPU
		{54981324-07A0-4C97-8F8D-D8E9FF845908}.Release|x64.Build.0 = Release|Any CPU
		{54981324-07A0-4C97-8F8D-D8E9FF845908}.Release|x86.ActiveCfg = Release|Any CPU
		{54981324-07A0-4C97-8F8D-D8E9FF845908}.Release|x86.Build.0 = Release|Any CPU
		{3CBEDCD5-335B-4C63-AA3D-16EACD43DE71}.Debug|Any CPU.ActiveCfg = Debug|Any CPU
		{3CBEDCD5-335B-4C63-AA3D-16EACD43DE71}.Debug|Any CPU.Build.0 = Debug|Any CPU
		{3CBEDCD5-335B-4C63-AA3D-16EACD43DE71}.Debug|x64.ActiveCfg = Debug|Any CPU
		{3CBEDCD5-335B-4C63-AA3D-16EACD43DE71}.Debug|x64.Build.0 = Debug|Any CPU
		{3CBEDCD5-335B-4C63-AA3D-16EACD43DE71}.Debug|x86.ActiveCfg = Debug|Any CPU
		{3CBEDCD5-335B-4C63-AA3D-16EACD43DE71}.Debug|x86.Build.0 = Debug|Any CPU
		{3CBEDCD5-335B-4C63-AA3D-16EACD43DE71}.Release|Any CPU.ActiveCfg = Release|Any CPU
		{3CBEDCD5-335B-4C63-AA3D-16EACD43DE71}.Release|Any CPU.Build.0 = Release|Any CPU
		{3CBEDCD5-335B-4C63-AA3D-16EACD43DE71}.Release|x64.ActiveCfg = Release|Any CPU
		{3CBEDCD5-335B-4C63-AA3D-16EACD43DE71}.Release|x64.Build.0 = Release|Any CPU
		{3CBEDCD5-335B-4C63-AA3D-16EACD43DE71}.Release|x86.ActiveCfg = Release|Any CPU
		{3CBEDCD5-335B-4C63-AA3D-16EACD43DE71}.Release|x86.Build.0 = Release|Any CPU
		{F5B77372-C7DE-4FE8-83CD-265C55916F4F}.Debug|Any CPU.ActiveCfg = Debug|Any CPU
		{F5B77372-C7DE-4FE8-83CD-265C55916F4F}.Debug|Any CPU.Build.0 = Debug|Any CPU
		{F5B77372-C7DE-4FE8-83CD-265C55916F4F}.Debug|x64.ActiveCfg = Debug|Any CPU
		{F5B77372-C7DE-4FE8-83CD-265C55916F4F}.Debug|x64.Build.0 = Debug|Any CPU
		{F5B77372-C7DE-4FE8-83CD-265C55916F4F}.Debug|x86.ActiveCfg = Debug|Any CPU
		{F5B77372-C7DE-4FE8-83CD-265C55916F4F}.Debug|x86.Build.0 = Debug|Any CPU
		{F5B77372-C7DE-4FE8-83CD-265C55916F4F}.Release|Any CPU.ActiveCfg = Release|Any CPU
		{F5B77372-C7DE-4FE8-83CD-265C55916F4F}.Release|Any CPU.Build.0 = Release|Any CPU
		{F5B77372-C7DE-4FE8-83CD-265C55916F4F}.Release|x64.ActiveCfg = Release|Any CPU
		{F5B77372-C7DE-4FE8-83CD-265C55916F4F}.Release|x64.Build.0 = Release|Any CPU
		{F5B77372-C7DE-4FE8-83CD-265C55916F4F}.Release|x86.ActiveCfg = Release|Any CPU
		{F5B77372-C7DE-4FE8-83CD-265C55916F4F}.Release|x86.Build.0 = Release|Any CPU
		{4522341A-9909-4554-9B66-9CC1695183B4}.Debug|Any CPU.ActiveCfg = Debug|Any CPU
		{4522341A-9909-4554-9B66-9CC1695183B4}.Debug|Any CPU.Build.0 = Debug|Any CPU
		{4522341A-9909-4554-9B66-9CC1695183B4}.Debug|x64.ActiveCfg = Debug|Any CPU
		{4522341A-9909-4554-9B66-9CC1695183B4}.Debug|x64.Build.0 = Debug|Any CPU
		{4522341A-9909-4554-9B66-9CC1695183B4}.Debug|x86.ActiveCfg = Debug|Any CPU
		{4522341A-9909-4554-9B66-9CC1695183B4}.Debug|x86.Build.0 = Debug|Any CPU
		{4522341A-9909-4554-9B66-9CC1695183B4}.Release|Any CPU.ActiveCfg = Release|Any CPU
		{4522341A-9909-4554-9B66-9CC1695183B4}.Release|Any CPU.Build.0 = Release|Any CPU
		{4522341A-9909-4554-9B66-9CC1695183B4}.Release|x64.ActiveCfg = Release|Any CPU
		{4522341A-9909-4554-9B66-9CC1695183B4}.Release|x64.Build.0 = Release|Any CPU
		{4522341A-9909-4554-9B66-9CC1695183B4}.Release|x86.ActiveCfg = Release|Any CPU
		{4522341A-9909-4554-9B66-9CC1695183B4}.Release|x86.Build.0 = Release|Any CPU
		{E135D6AA-6EAF-4C98-AF96-E13C0E9118CF}.Debug|Any CPU.ActiveCfg = Debug|Any CPU
		{E135D6AA-6EAF-4C98-AF96-E13C0E9118CF}.Debug|Any CPU.Build.0 = Debug|Any CPU
		{E135D6AA-6EAF-4C98-AF96-E13C0E9118CF}.Debug|x64.ActiveCfg = Debug|Any CPU
		{E135D6AA-6EAF-4C98-AF96-E13C0E9118CF}.Debug|x64.Build.0 = Debug|Any CPU
		{E135D6AA-6EAF-4C98-AF96-E13C0E9118CF}.Debug|x86.ActiveCfg = Debug|Any CPU
		{E135D6AA-6EAF-4C98-AF96-E13C0E9118CF}.Debug|x86.Build.0 = Debug|Any CPU
		{E135D6AA-6EAF-4C98-AF96-E13C0E9118CF}.Release|Any CPU.ActiveCfg = Release|Any CPU
		{E135D6AA-6EAF-4C98-AF96-E13C0E9118CF}.Release|Any CPU.Build.0 = Release|Any CPU
		{E135D6AA-6EAF-4C98-AF96-E13C0E9118CF}.Release|x64.ActiveCfg = Release|Any CPU
		{E135D6AA-6EAF-4C98-AF96-E13C0E9118CF}.Release|x64.Build.0 = Release|Any CPU
		{E135D6AA-6EAF-4C98-AF96-E13C0E9118CF}.Release|x86.ActiveCfg = Release|Any CPU
		{E135D6AA-6EAF-4C98-AF96-E13C0E9118CF}.Release|x86.Build.0 = Release|Any CPU
		{8B2CC64C-44D6-4955-BC50-9A89BC9A3194}.Debug|Any CPU.ActiveCfg = Debug|Any CPU
		{8B2CC64C-44D6-4955-BC50-9A89BC9A3194}.Debug|Any CPU.Build.0 = Debug|Any CPU
		{8B2CC64C-44D6-4955-BC50-9A89BC9A3194}.Debug|x64.ActiveCfg = Debug|Any CPU
		{8B2CC64C-44D6-4955-BC50-9A89BC9A3194}.Debug|x64.Build.0 = Debug|Any CPU
		{8B2CC64C-44D6-4955-BC50-9A89BC9A3194}.Debug|x86.ActiveCfg = Debug|Any CPU
		{8B2CC64C-44D6-4955-BC50-9A89BC9A3194}.Debug|x86.Build.0 = Debug|Any CPU
		{8B2CC64C-44D6-4955-BC50-9A89BC9A3194}.Release|Any CPU.ActiveCfg = Release|Any CPU
		{8B2CC64C-44D6-4955-BC50-9A89BC9A3194}.Release|Any CPU.Build.0 = Release|Any CPU
		{8B2CC64C-44D6-4955-BC50-9A89BC9A3194}.Release|x64.ActiveCfg = Release|Any CPU
		{8B2CC64C-44D6-4955-BC50-9A89BC9A3194}.Release|x64.Build.0 = Release|Any CPU
		{8B2CC64C-44D6-4955-BC50-9A89BC9A3194}.Release|x86.ActiveCfg = Release|Any CPU
		{8B2CC64C-44D6-4955-BC50-9A89BC9A3194}.Release|x86.Build.0 = Release|Any CPU
		{85861994-25B8-4D30-87E3-7F67C24ACA9A}.Debug|Any CPU.ActiveCfg = Debug|Any CPU
		{85861994-25B8-4D30-87E3-7F67C24ACA9A}.Debug|Any CPU.Build.0 = Debug|Any CPU
		{85861994-25B8-4D30-87E3-7F67C24ACA9A}.Debug|x64.ActiveCfg = Debug|Any CPU
		{85861994-25B8-4D30-87E3-7F67C24ACA9A}.Debug|x64.Build.0 = Debug|Any CPU
		{85861994-25B8-4D30-87E3-7F67C24ACA9A}.Debug|x86.ActiveCfg = Debug|Any CPU
		{85861994-25B8-4D30-87E3-7F67C24ACA9A}.Debug|x86.Build.0 = Debug|Any CPU
		{85861994-25B8-4D30-87E3-7F67C24ACA9A}.Release|Any CPU.ActiveCfg = Release|Any CPU
		{85861994-25B8-4D30-87E3-7F67C24ACA9A}.Release|Any CPU.Build.0 = Release|Any CPU
		{85861994-25B8-4D30-87E3-7F67C24ACA9A}.Release|x64.ActiveCfg = Release|Any CPU
		{85861994-25B8-4D30-87E3-7F67C24ACA9A}.Release|x64.Build.0 = Release|Any CPU
		{85861994-25B8-4D30-87E3-7F67C24ACA9A}.Release|x86.ActiveCfg = Release|Any CPU
		{85861994-25B8-4D30-87E3-7F67C24ACA9A}.Release|x86.Build.0 = Release|Any CPU
		{DAFB5014-11A1-4D6C-AF21-6F8694E6F03F}.Debug|Any CPU.ActiveCfg = Debug|Any CPU
		{DAFB5014-11A1-4D6C-AF21-6F8694E6F03F}.Debug|Any CPU.Build.0 = Debug|Any CPU
		{DAFB5014-11A1-4D6C-AF21-6F8694E6F03F}.Debug|x64.ActiveCfg = Debug|Any CPU
		{DAFB5014-11A1-4D6C-AF21-6F8694E6F03F}.Debug|x64.Build.0 = Debug|Any CPU
		{DAFB5014-11A1-4D6C-AF21-6F8694E6F03F}.Debug|x86.ActiveCfg = Debug|Any CPU
		{DAFB5014-11A1-4D6C-AF21-6F8694E6F03F}.Debug|x86.Build.0 = Debug|Any CPU
		{DAFB5014-11A1-4D6C-AF21-6F8694E6F03F}.Release|Any CPU.ActiveCfg = Release|Any CPU
		{DAFB5014-11A1-4D6C-AF21-6F8694E6F03F}.Release|Any CPU.Build.0 = Release|Any CPU
		{DAFB5014-11A1-4D6C-AF21-6F8694E6F03F}.Release|x64.ActiveCfg = Release|Any CPU
		{DAFB5014-11A1-4D6C-AF21-6F8694E6F03F}.Release|x64.Build.0 = Release|Any CPU
		{DAFB5014-11A1-4D6C-AF21-6F8694E6F03F}.Release|x86.ActiveCfg = Release|Any CPU
		{DAFB5014-11A1-4D6C-AF21-6F8694E6F03F}.Release|x86.Build.0 = Release|Any CPU
		{A985514C-1939-437F-92BE-65457A0C5624}.Debug|Any CPU.ActiveCfg = Debug|Any CPU
		{A985514C-1939-437F-92BE-65457A0C5624}.Debug|Any CPU.Build.0 = Debug|Any CPU
		{A985514C-1939-437F-92BE-65457A0C5624}.Debug|x64.ActiveCfg = Debug|Any CPU
		{A985514C-1939-437F-92BE-65457A0C5624}.Debug|x64.Build.0 = Debug|Any CPU
		{A985514C-1939-437F-92BE-65457A0C5624}.Debug|x86.ActiveCfg = Debug|Any CPU
		{A985514C-1939-437F-92BE-65457A0C5624}.Debug|x86.Build.0 = Debug|Any CPU
		{A985514C-1939-437F-92BE-65457A0C5624}.Release|Any CPU.ActiveCfg = Release|Any CPU
		{A985514C-1939-437F-92BE-65457A0C5624}.Release|Any CPU.Build.0 = Release|Any CPU
		{A985514C-1939-437F-92BE-65457A0C5624}.Release|x64.ActiveCfg = Release|Any CPU
		{A985514C-1939-437F-92BE-65457A0C5624}.Release|x64.Build.0 = Release|Any CPU
		{A985514C-1939-437F-92BE-65457A0C5624}.Release|x86.ActiveCfg = Release|Any CPU
		{A985514C-1939-437F-92BE-65457A0C5624}.Release|x86.Build.0 = Release|Any CPU
		{D2F72C15-0B36-42BC-897F-D7FFA155B759}.Debug|Any CPU.ActiveCfg = Debug|Any CPU
		{D2F72C15-0B36-42BC-897F-D7FFA155B759}.Debug|Any CPU.Build.0 = Debug|Any CPU
		{D2F72C15-0B36-42BC-897F-D7FFA155B759}.Debug|x64.ActiveCfg = Debug|Any CPU
		{D2F72C15-0B36-42BC-897F-D7FFA155B759}.Debug|x64.Build.0 = Debug|Any CPU
		{D2F72C15-0B36-42BC-897F-D7FFA155B759}.Debug|x86.ActiveCfg = Debug|Any CPU
		{D2F72C15-0B36-42BC-897F-D7FFA155B759}.Debug|x86.Build.0 = Debug|Any CPU
		{D2F72C15-0B36-42BC-897F-D7FFA155B759}.Release|Any CPU.ActiveCfg = Release|Any CPU
		{D2F72C15-0B36-42BC-897F-D7FFA155B759}.Release|Any CPU.Build.0 = Release|Any CPU
		{D2F72C15-0B36-42BC-897F-D7FFA155B759}.Release|x64.ActiveCfg = Release|Any CPU
		{D2F72C15-0B36-42BC-897F-D7FFA155B759}.Release|x64.Build.0 = Release|Any CPU
		{D2F72C15-0B36-42BC-897F-D7FFA155B759}.Release|x86.ActiveCfg = Release|Any CPU
		{D2F72C15-0B36-42BC-897F-D7FFA155B759}.Release|x86.Build.0 = Release|Any CPU
		{54CAF6BD-BEE6-4A90-9B41-308E15EB83AB}.Debug|Any CPU.ActiveCfg = Debug|Any CPU
		{54CAF6BD-BEE6-4A90-9B41-308E15EB83AB}.Debug|Any CPU.Build.0 = Debug|Any CPU
		{54CAF6BD-BEE6-4A90-9B41-308E15EB83AB}.Debug|x64.ActiveCfg = Debug|Any CPU
		{54CAF6BD-BEE6-4A90-9B41-308E15EB83AB}.Debug|x64.Build.0 = Debug|Any CPU
		{54CAF6BD-BEE6-4A90-9B41-308E15EB83AB}.Debug|x86.ActiveCfg = Debug|Any CPU
		{54CAF6BD-BEE6-4A90-9B41-308E15EB83AB}.Debug|x86.Build.0 = Debug|Any CPU
		{54CAF6BD-BEE6-4A90-9B41-308E15EB83AB}.Release|Any CPU.ActiveCfg = Release|Any CPU
		{54CAF6BD-BEE6-4A90-9B41-308E15EB83AB}.Release|Any CPU.Build.0 = Release|Any CPU
		{54CAF6BD-BEE6-4A90-9B41-308E15EB83AB}.Release|x64.ActiveCfg = Release|Any CPU
		{54CAF6BD-BEE6-4A90-9B41-308E15EB83AB}.Release|x64.Build.0 = Release|Any CPU
		{54CAF6BD-BEE6-4A90-9B41-308E15EB83AB}.Release|x86.ActiveCfg = Release|Any CPU
		{54CAF6BD-BEE6-4A90-9B41-308E15EB83AB}.Release|x86.Build.0 = Release|Any CPU
		{67003A47-E79C-4A6F-B706-05404CD2390C}.Debug|Any CPU.ActiveCfg = Debug|Any CPU
		{67003A47-E79C-4A6F-B706-05404CD2390C}.Debug|Any CPU.Build.0 = Debug|Any CPU
		{67003A47-E79C-4A6F-B706-05404CD2390C}.Debug|x64.ActiveCfg = Debug|Any CPU
		{67003A47-E79C-4A6F-B706-05404CD2390C}.Debug|x64.Build.0 = Debug|Any CPU
		{67003A47-E79C-4A6F-B706-05404CD2390C}.Debug|x86.ActiveCfg = Debug|Any CPU
		{67003A47-E79C-4A6F-B706-05404CD2390C}.Debug|x86.Build.0 = Debug|Any CPU
		{67003A47-E79C-4A6F-B706-05404CD2390C}.Release|Any CPU.ActiveCfg = Release|Any CPU
		{67003A47-E79C-4A6F-B706-05404CD2390C}.Release|Any CPU.Build.0 = Release|Any CPU
		{67003A47-E79C-4A6F-B706-05404CD2390C}.Release|x64.ActiveCfg = Release|Any CPU
		{67003A47-E79C-4A6F-B706-05404CD2390C}.Release|x64.Build.0 = Release|Any CPU
		{67003A47-E79C-4A6F-B706-05404CD2390C}.Release|x86.ActiveCfg = Release|Any CPU
		{67003A47-E79C-4A6F-B706-05404CD2390C}.Release|x86.Build.0 = Release|Any CPU
		{50B3C732-6CB7-4382-8051-B7DB9DE89708}.Debug|Any CPU.ActiveCfg = Debug|Any CPU
		{50B3C732-6CB7-4382-8051-B7DB9DE89708}.Debug|Any CPU.Build.0 = Debug|Any CPU
		{50B3C732-6CB7-4382-8051-B7DB9DE89708}.Debug|x64.ActiveCfg = Debug|Any CPU
		{50B3C732-6CB7-4382-8051-B7DB9DE89708}.Debug|x64.Build.0 = Debug|Any CPU
		{50B3C732-6CB7-4382-8051-B7DB9DE89708}.Debug|x86.ActiveCfg = Debug|Any CPU
		{50B3C732-6CB7-4382-8051-B7DB9DE89708}.Debug|x86.Build.0 = Debug|Any CPU
		{50B3C732-6CB7-4382-8051-B7DB9DE89708}.Release|Any CPU.ActiveCfg = Release|Any CPU
		{50B3C732-6CB7-4382-8051-B7DB9DE89708}.Release|Any CPU.Build.0 = Release|Any CPU
		{50B3C732-6CB7-4382-8051-B7DB9DE89708}.Release|x64.ActiveCfg = Release|Any CPU
		{50B3C732-6CB7-4382-8051-B7DB9DE89708}.Release|x64.Build.0 = Release|Any CPU
		{50B3C732-6CB7-4382-8051-B7DB9DE89708}.Release|x86.ActiveCfg = Release|Any CPU
		{50B3C732-6CB7-4382-8051-B7DB9DE89708}.Release|x86.Build.0 = Release|Any CPU
	EndGlobalSection
	GlobalSection(SolutionProperties) = preSolution
		HideSolutionNode = FALSE
	EndGlobalSection
	GlobalSection(NestedProjects) = preSolution
		{031114DE-80D6-48E8-9A31-7AA6137D97C6} = {479BE379-D398-4FA3-BD06-685FCF2B159D}
		{D43DE92F-89D8-4C40-A587-C7937C2F165F} = {479BE379-D398-4FA3-BD06-685FCF2B159D}
		{51219A46-DF81-4247-B331-7C8FC467F29F} = {479BE379-D398-4FA3-BD06-685FCF2B159D}
		{4B0690BF-5F23-4C3E-8B1B-0DB4DC5E363B} = {479BE379-D398-4FA3-BD06-685FCF2B159D}
		{9D73C6B2-404E-40C9-BF6F-D8EE648DEDC1} = {479BE379-D398-4FA3-BD06-685FCF2B159D}
		{54981324-07A0-4C97-8F8D-D8E9FF845908} = {9D73C6B2-404E-40C9-BF6F-D8EE648DEDC1}
		{3CBEDCD5-335B-4C63-AA3D-16EACD43DE71} = {9D73C6B2-404E-40C9-BF6F-D8EE648DEDC1}
		{F5B77372-C7DE-4FE8-83CD-265C55916F4F} = {9D73C6B2-404E-40C9-BF6F-D8EE648DEDC1}
		{4522341A-9909-4554-9B66-9CC1695183B4} = {9D73C6B2-404E-40C9-BF6F-D8EE648DEDC1}
		{E135D6AA-6EAF-4C98-AF96-E13C0E9118CF} = {4B0690BF-5F23-4C3E-8B1B-0DB4DC5E363B}
		{8B2CC64C-44D6-4955-BC50-9A89BC9A3194} = {4B0690BF-5F23-4C3E-8B1B-0DB4DC5E363B}
		{85861994-25B8-4D30-87E3-7F67C24ACA9A} = {031114DE-80D6-48E8-9A31-7AA6137D97C6}
		{DAFB5014-11A1-4D6C-AF21-6F8694E6F03F} = {031114DE-80D6-48E8-9A31-7AA6137D97C6}
		{A985514C-1939-437F-92BE-65457A0C5624} = {51219A46-DF81-4247-B331-7C8FC467F29F}
		{D2F72C15-0B36-42BC-897F-D7FFA155B759} = {51219A46-DF81-4247-B331-7C8FC467F29F}
		{54CAF6BD-BEE6-4A90-9B41-308E15EB83AB} = {D43DE92F-89D8-4C40-A587-C7937C2F165F}
		{67003A47-E79C-4A6F-B706-05404CD2390C} = {D43DE92F-89D8-4C40-A587-C7937C2F165F}
		{50B3C732-6CB7-4382-8051-B7DB9DE89708} = {D43DE92F-89D8-4C40-A587-C7937C2F165F}
	EndGlobalSection
	GlobalSection(ExtensibilityGlobals) = postSolution
		SolutionGuid = {889A144F-7413-4563-AB98-25A043000481}
	EndGlobalSection
EndGlobal
