
Microsoft Visual Studio Solution File, Format Version 12.00
# Visual Studio Version 16
VisualStudioVersion = 16.0.28803.452
MinimumVisualStudioVersion = 15.0.26124.0
Project("{FAE04EC0-301F-11D3-BF4B-00C04F79EFBC}") = "Dawnx.Win32", "~NativeLibrary\Dawnx.Win32\Dawnx.Win32.csproj", "{36E74D56-2A70-43F7-B624-5D7D5E19EC6D}"
EndProject
Project("{FAE04EC0-301F-11D3-BF4B-00C04F79EFBC}") = "Dawnx.Win32App", "~Experiment\Dawnx.Win32App\Dawnx.Win32App\Dawnx.Win32App.csproj", "{8E915AE6-9A05-4D18-B688-9BFC180E115C}"
EndProject
Global
	GlobalSection(SolutionConfigurationPlatforms) = preSolution
		Debug|Any CPU = Debug|Any CPU
		Debug|x64 = Debug|x64
		Debug|x86 = Debug|x86
		Release|Any CPU = Release|Any CPU
		Release|x64 = Release|x64
		Release|x86 = Release|x86
	EndGlobalSection
	GlobalSection(ProjectConfigurationPlatforms) = postSolution
		{36E74D56-2A70-43F7-B624-5D7D5E19EC6D}.Debug|Any CPU.ActiveCfg = Debug|Any CPU
		{36E74D56-2A70-43F7-B624-5D7D5E19EC6D}.Debug|Any CPU.Build.0 = Debug|Any CPU
		{36E74D56-2A70-43F7-B624-5D7D5E19EC6D}.Debug|x64.ActiveCfg = Debug|Any CPU
		{36E74D56-2A70-43F7-B624-5D7D5E19EC6D}.Debug|x64.Build.0 = Debug|Any CPU
		{36E74D56-2A70-43F7-B624-5D7D5E19EC6D}.Debug|x86.ActiveCfg = Debug|Any CPU
		{36E74D56-2A70-43F7-B624-5D7D5E19EC6D}.Debug|x86.Build.0 = Debug|Any CPU
		{36E74D56-2A70-43F7-B624-5D7D5E19EC6D}.Release|Any CPU.ActiveCfg = Release|Any CPU
		{36E74D56-2A70-43F7-B624-5D7D5E19EC6D}.Release|Any CPU.Build.0 = Release|Any CPU
		{36E74D56-2A70-43F7-B624-5D7D5E19EC6D}.Release|x64.ActiveCfg = Release|Any CPU
		{36E74D56-2A70-43F7-B624-5D7D5E19EC6D}.Release|x64.Build.0 = Release|Any CPU
		{36E74D56-2A70-43F7-B624-5D7D5E19EC6D}.Release|x86.ActiveCfg = Release|Any CPU
		{36E74D56-2A70-43F7-B624-5D7D5E19EC6D}.Release|x86.Build.0 = Release|Any CPU
		{8E915AE6-9A05-4D18-B688-9BFC180E115C}.Debug|Any CPU.ActiveCfg = Debug|Any CPU
		{8E915AE6-9A05-4D18-B688-9BFC180E115C}.Debug|Any CPU.Build.0 = Debug|Any CPU
		{8E915AE6-9A05-4D18-B688-9BFC180E115C}.Debug|x64.ActiveCfg = Debug|Any CPU
		{8E915AE6-9A05-4D18-B688-9BFC180E115C}.Debug|x64.Build.0 = Debug|Any CPU
		{8E915AE6-9A05-4D18-B688-9BFC180E115C}.Debug|x86.ActiveCfg = Debug|Any CPU
		{8E915AE6-9A05-4D18-B688-9BFC180E115C}.Debug|x86.Build.0 = Debug|Any CPU
		{8E915AE6-9A05-4D18-B688-9BFC180E115C}.Release|Any CPU.ActiveCfg = Release|Any CPU
		{8E915AE6-9A05-4D18-B688-9BFC180E115C}.Release|Any CPU.Build.0 = Release|Any CPU
		{8E915AE6-9A05-4D18-B688-9BFC180E115C}.Release|x64.ActiveCfg = Release|Any CPU
		{8E915AE6-9A05-4D18-B688-9BFC180E115C}.Release|x64.Build.0 = Release|Any CPU
		{8E915AE6-9A05-4D18-B688-9BFC180E115C}.Release|x86.ActiveCfg = Release|Any CPU
		{8E915AE6-9A05-4D18-B688-9BFC180E115C}.Release|x86.Build.0 = Release|Any CPU
	EndGlobalSection
	GlobalSection(SolutionProperties) = preSolution
		HideSolutionNode = FALSE
	EndGlobalSection
	GlobalSection(ExtensibilityGlobals) = postSolution
		SolutionGuid = {01F9D258-1608-4C54-8134-8D6BE5CA899C}
	EndGlobalSection
EndGlobal
