
Microsoft Visual Studio Solution File, Format Version 12.00
# Visual Studio 15
VisualStudioVersion = 15.0.27130.2027
MinimumVisualStudioVersion = 10.0.40219.1
Project("{9A19103F-16F7-4668-BE54-9A1E7A4F7556}") = "Dawnx", "Dawnx\Dawnx.csproj", "{DCDDA957-FD90-4D59-AA74-59A2493CF326}"
EndProject
Project("{2150E333-8FDC-42A3-9474-1A3956D46DE8}") = "'Library", "'Library", "{479BE379-D398-4FA3-BD06-685FCF2B159D}"
EndProject
Project("{2150E333-8FDC-42A3-9474-1A3956D46DE8}") = "'NPOI", "'NPOI", "{031114DE-80D6-48E8-9A31-7AA6137D97C6}"
EndProject
Project("{2150E333-8FDC-42A3-9474-1A3956D46DE8}") = "'Xml", "'Xml", "{D43DE92F-89D8-4C40-A587-C7937C2F165F}"
EndProject
Project("{2150E333-8FDC-42A3-9474-1A3956D46DE8}") = "'Security", "'Security", "{51219A46-DF81-4247-B331-7C8FC467F29F}"
EndProject
Project("{2150E333-8FDC-42A3-9474-1A3956D46DE8}") = "'Native", "'Native", "{50C11DF7-0AC4-46D2-931D-9466CC002EE8}"
EndProject
Project("{9A19103F-16F7-4668-BE54-9A1E7A4F7556}") = "Dawnx.Test", "Dawnx.Test\Dawnx.Test.csproj", "{65F79880-CACC-4C74-B685-1178B7ABCE6B}"
EndProject
Project("{2150E333-8FDC-42A3-9474-1A3956D46DE8}") = "Solution Items", "Solution Items", "{3A99F3EC-3818-4804-9D02-0F154681F0D4}"
	ProjectSection(SolutionItems) = preProject
		LICENSE = LICENSE
		push.cmd = push.cmd
	EndProjectSection
EndProject
Project("{9A19103F-16F7-4668-BE54-9A1E7A4F7556}") = "Dawnx.Tools", "Dawnx.Tools\Dawnx.Tools.csproj", "{9AF3D5D3-66C1-4E26-B05D-16B036A738DE}"
EndProject
Project("{2150E333-8FDC-42A3-9474-1A3956D46DE8}") = "'Net", "'Net", "{4B0690BF-5F23-4C3E-8B1B-0DB4DC5E363B}"
EndProject
Project("{2150E333-8FDC-42A3-9474-1A3956D46DE8}") = "'AspNetCore", "'AspNetCore", "{9D73C6B2-404E-40C9-BF6F-D8EE648DEDC1}"
EndProject
Project("{9A19103F-16F7-4668-BE54-9A1E7A4F7556}") = "Dawnx.Tools.Test", "Dawnx.Tools.Test\Dawnx.Tools.Test.csproj", "{D7B9B8E8-1D04-4874-AB5B-F80170AF30C5}"
EndProject
Project("{9A19103F-16F7-4668-BE54-9A1E7A4F7556}") = "Dawnx.AspNetCore", "'Library\'AspNetCore\Dawnx.AspNetCore\Dawnx.AspNetCore.csproj", "{D47D8101-7AF9-42FB-A5FC-5D41005221D7}"
EndProject
Project("{9A19103F-16F7-4668-BE54-9A1E7A4F7556}") = "Dawnx.AspNetCore.IdentityUtility", "'Library\'AspNetCore\Dawnx.AspNetCore.IdentityUtility\Dawnx.AspNetCore.IdentityUtility.csproj", "{562CB063-BA9E-4692-880B-4727EAF36AD9}"
EndProject
Project("{9A19103F-16F7-4668-BE54-9A1E7A4F7556}") = "Dawnx.AspNetCore.LiveAccountUtility", "'Library\'AspNetCore\Dawnx.AspNetCore.LiveAccountUtility\Dawnx.AspNetCore.LiveAccountUtility.csproj", "{7482252D-5647-496B-A7AC-D75949706B31}"
EndProject
Project("{9A19103F-16F7-4668-BE54-9A1E7A4F7556}") = "Dawnx.AspNetCore.Test", "'Library\'AspNetCore\Dawnx.AspNetCore.Test\Dawnx.AspNetCore.Test.csproj", "{CB47F5A5-1421-4C14-BC76-3AA5FF7B5541}"
EndProject
Project("{9A19103F-16F7-4668-BE54-9A1E7A4F7556}") = "Dawnx.Xml", "'Library\'Xml\Dawnx.Xml\Dawnx.Xml.csproj", "{C7E10B8F-C572-4215-85E1-4AFCC106DE6C}"
EndProject
Project("{9A19103F-16F7-4668-BE54-9A1E7A4F7556}") = "Dawnx.Xml.SampleWithHAP", "'Library\'Xml\Dawnx.Xml.SampleWithHAP\Dawnx.Xml.SampleWithHAP.csproj", "{BAE79E9E-F5D7-432D-AED7-4B4E7AF1ED7E}"
EndProject
Project("{9A19103F-16F7-4668-BE54-9A1E7A4F7556}") = "Dawnx.Xml.Test", "'Library\'Xml\Dawnx.Xml.Test\Dawnx.Xml.Test.csproj", "{EFA61BF8-6D1C-4BC5-869C-EEB565516439}"
EndProject
Project("{9A19103F-16F7-4668-BE54-9A1E7A4F7556}") = "Dawnx.Security", "'Library\'Security\Dawnx.Security\Dawnx.Security.csproj", "{FDCE9D8A-12DF-4BD1-B426-E7EF64427B1D}"
EndProject
Project("{9A19103F-16F7-4668-BE54-9A1E7A4F7556}") = "Dawnx.Security.Test", "'Library\'Security\Dawnx.Security.Test\Dawnx.Security.Test.csproj", "{974A7075-FD56-48AA-9C03-5404AF84EE7D}"
EndProject
Project("{9A19103F-16F7-4668-BE54-9A1E7A4F7556}") = "Dawnx.NPOI", "'Library\'NPOI\Dawnx.NPOI\Dawnx.NPOI.csproj", "{3133D60B-0802-404C-A168-364FBDB694B2}"
EndProject
Project("{9A19103F-16F7-4668-BE54-9A1E7A4F7556}") = "Dawnx.NPOI.Test", "'Library\'NPOI\Dawnx.NPOI.Test\Dawnx.NPOI.Test.csproj", "{CE33C234-23E7-436E-A07A-9685AD05803A}"
EndProject
Project("{9A19103F-16F7-4668-BE54-9A1E7A4F7556}") = "Dawnx.Net", "'Library\'Net\Dawnx.Net\Dawnx.Net.csproj", "{92DB9251-F266-4DB8-93F6-F29F694343DF}"
EndProject
Project("{9A19103F-16F7-4668-BE54-9A1E7A4F7556}") = "Dawnx.Net.Test", "'Library\'Net\Dawnx.Net.Test\Dawnx.Net.Test.csproj", "{2C7BABB4-B465-40CC-92B6-27AC03F1E988}"
EndProject
Project("{FAE04EC0-301F-11D3-BF4B-00C04F79EFBC}") = "Dawnx.Win32", "'Library\'Native\Dawnx.Win32\Dawnx.Win32.csproj", "{FABC5697-527C-4D46-A0C0-185CC67849D3}"
EndProject
Global
	GlobalSection(SolutionConfigurationPlatforms) = preSolution
		Debug|Any CPU = Debug|Any CPU
		Debug|x64 = Debug|x64
		Debug|x86 = Debug|x86
		Release|Any CPU = Release|Any CPU
		Release|x64 = Release|x64
		Release|x86 = Release|x86
	EndGlobalSection
	GlobalSection(ProjectConfigurationPlatforms) = postSolution
		{DCDDA957-FD90-4D59-AA74-59A2493CF326}.Debug|Any CPU.ActiveCfg = Debug|Any CPU
		{DCDDA957-FD90-4D59-AA74-59A2493CF326}.Debug|Any CPU.Build.0 = Debug|Any CPU
		{DCDDA957-FD90-4D59-AA74-59A2493CF326}.Debug|x64.ActiveCfg = Debug|Any CPU
		{DCDDA957-FD90-4D59-AA74-59A2493CF326}.Debug|x64.Build.0 = Debug|Any CPU
		{DCDDA957-FD90-4D59-AA74-59A2493CF326}.Debug|x86.ActiveCfg = Debug|Any CPU
		{DCDDA957-FD90-4D59-AA74-59A2493CF326}.Debug|x86.Build.0 = Debug|Any CPU
		{DCDDA957-FD90-4D59-AA74-59A2493CF326}.Release|Any CPU.ActiveCfg = Release|Any CPU
		{DCDDA957-FD90-4D59-AA74-59A2493CF326}.Release|Any CPU.Build.0 = Release|Any CPU
		{DCDDA957-FD90-4D59-AA74-59A2493CF326}.Release|x64.ActiveCfg = Release|Any CPU
		{DCDDA957-FD90-4D59-AA74-59A2493CF326}.Release|x64.Build.0 = Release|Any CPU
		{DCDDA957-FD90-4D59-AA74-59A2493CF326}.Release|x86.ActiveCfg = Release|Any CPU
		{DCDDA957-FD90-4D59-AA74-59A2493CF326}.Release|x86.Build.0 = Release|Any CPU
		{65F79880-CACC-4C74-B685-1178B7ABCE6B}.Debug|Any CPU.ActiveCfg = Debug|Any CPU
		{65F79880-CACC-4C74-B685-1178B7ABCE6B}.Debug|Any CPU.Build.0 = Debug|Any CPU
		{65F79880-CACC-4C74-B685-1178B7ABCE6B}.Debug|x64.ActiveCfg = Debug|Any CPU
		{65F79880-CACC-4C74-B685-1178B7ABCE6B}.Debug|x64.Build.0 = Debug|Any CPU
		{65F79880-CACC-4C74-B685-1178B7ABCE6B}.Debug|x86.ActiveCfg = Debug|Any CPU
		{65F79880-CACC-4C74-B685-1178B7ABCE6B}.Debug|x86.Build.0 = Debug|Any CPU
		{65F79880-CACC-4C74-B685-1178B7ABCE6B}.Release|Any CPU.ActiveCfg = Release|Any CPU
		{65F79880-CACC-4C74-B685-1178B7ABCE6B}.Release|Any CPU.Build.0 = Release|Any CPU
		{65F79880-CACC-4C74-B685-1178B7ABCE6B}.Release|x64.ActiveCfg = Release|Any CPU
		{65F79880-CACC-4C74-B685-1178B7ABCE6B}.Release|x64.Build.0 = Release|Any CPU
		{65F79880-CACC-4C74-B685-1178B7ABCE6B}.Release|x86.ActiveCfg = Release|Any CPU
		{65F79880-CACC-4C74-B685-1178B7ABCE6B}.Release|x86.Build.0 = Release|Any CPU
		{9AF3D5D3-66C1-4E26-B05D-16B036A738DE}.Debug|Any CPU.ActiveCfg = Debug|Any CPU
		{9AF3D5D3-66C1-4E26-B05D-16B036A738DE}.Debug|Any CPU.Build.0 = Debug|Any CPU
		{9AF3D5D3-66C1-4E26-B05D-16B036A738DE}.Debug|x64.ActiveCfg = Debug|Any CPU
		{9AF3D5D3-66C1-4E26-B05D-16B036A738DE}.Debug|x64.Build.0 = Debug|Any CPU
		{9AF3D5D3-66C1-4E26-B05D-16B036A738DE}.Debug|x86.ActiveCfg = Debug|Any CPU
		{9AF3D5D3-66C1-4E26-B05D-16B036A738DE}.Debug|x86.Build.0 = Debug|Any CPU
		{9AF3D5D3-66C1-4E26-B05D-16B036A738DE}.Release|Any CPU.ActiveCfg = Release|Any CPU
		{9AF3D5D3-66C1-4E26-B05D-16B036A738DE}.Release|Any CPU.Build.0 = Release|Any CPU
		{9AF3D5D3-66C1-4E26-B05D-16B036A738DE}.Release|x64.ActiveCfg = Release|Any CPU
		{9AF3D5D3-66C1-4E26-B05D-16B036A738DE}.Release|x64.Build.0 = Release|Any CPU
		{9AF3D5D3-66C1-4E26-B05D-16B036A738DE}.Release|x86.ActiveCfg = Release|Any CPU
		{9AF3D5D3-66C1-4E26-B05D-16B036A738DE}.Release|x86.Build.0 = Release|Any CPU
		{D7B9B8E8-1D04-4874-AB5B-F80170AF30C5}.Debug|Any CPU.ActiveCfg = Debug|Any CPU
		{D7B9B8E8-1D04-4874-AB5B-F80170AF30C5}.Debug|Any CPU.Build.0 = Debug|Any CPU
		{D7B9B8E8-1D04-4874-AB5B-F80170AF30C5}.Debug|x64.ActiveCfg = Debug|Any CPU
		{D7B9B8E8-1D04-4874-AB5B-F80170AF30C5}.Debug|x64.Build.0 = Debug|Any CPU
		{D7B9B8E8-1D04-4874-AB5B-F80170AF30C5}.Debug|x86.ActiveCfg = Debug|Any CPU
		{D7B9B8E8-1D04-4874-AB5B-F80170AF30C5}.Debug|x86.Build.0 = Debug|Any CPU
		{D7B9B8E8-1D04-4874-AB5B-F80170AF30C5}.Release|Any CPU.ActiveCfg = Release|Any CPU
		{D7B9B8E8-1D04-4874-AB5B-F80170AF30C5}.Release|Any CPU.Build.0 = Release|Any CPU
		{D7B9B8E8-1D04-4874-AB5B-F80170AF30C5}.Release|x64.ActiveCfg = Release|Any CPU
		{D7B9B8E8-1D04-4874-AB5B-F80170AF30C5}.Release|x64.Build.0 = Release|Any CPU
		{D7B9B8E8-1D04-4874-AB5B-F80170AF30C5}.Release|x86.ActiveCfg = Release|Any CPU
		{D7B9B8E8-1D04-4874-AB5B-F80170AF30C5}.Release|x86.Build.0 = Release|Any CPU
		{D47D8101-7AF9-42FB-A5FC-5D41005221D7}.Debug|Any CPU.ActiveCfg = Debug|Any CPU
		{D47D8101-7AF9-42FB-A5FC-5D41005221D7}.Debug|Any CPU.Build.0 = Debug|Any CPU
		{D47D8101-7AF9-42FB-A5FC-5D41005221D7}.Debug|x64.ActiveCfg = Debug|Any CPU
		{D47D8101-7AF9-42FB-A5FC-5D41005221D7}.Debug|x64.Build.0 = Debug|Any CPU
		{D47D8101-7AF9-42FB-A5FC-5D41005221D7}.Debug|x86.ActiveCfg = Debug|Any CPU
		{D47D8101-7AF9-42FB-A5FC-5D41005221D7}.Debug|x86.Build.0 = Debug|Any CPU
		{D47D8101-7AF9-42FB-A5FC-5D41005221D7}.Release|Any CPU.ActiveCfg = Release|Any CPU
		{D47D8101-7AF9-42FB-A5FC-5D41005221D7}.Release|Any CPU.Build.0 = Release|Any CPU
		{D47D8101-7AF9-42FB-A5FC-5D41005221D7}.Release|x64.ActiveCfg = Release|Any CPU
		{D47D8101-7AF9-42FB-A5FC-5D41005221D7}.Release|x64.Build.0 = Release|Any CPU
		{D47D8101-7AF9-42FB-A5FC-5D41005221D7}.Release|x86.ActiveCfg = Release|Any CPU
		{D47D8101-7AF9-42FB-A5FC-5D41005221D7}.Release|x86.Build.0 = Release|Any CPU
		{562CB063-BA9E-4692-880B-4727EAF36AD9}.Debug|Any CPU.ActiveCfg = Debug|Any CPU
		{562CB063-BA9E-4692-880B-4727EAF36AD9}.Debug|Any CPU.Build.0 = Debug|Any CPU
		{562CB063-BA9E-4692-880B-4727EAF36AD9}.Debug|x64.ActiveCfg = Debug|Any CPU
		{562CB063-BA9E-4692-880B-4727EAF36AD9}.Debug|x64.Build.0 = Debug|Any CPU
		{562CB063-BA9E-4692-880B-4727EAF36AD9}.Debug|x86.ActiveCfg = Debug|Any CPU
		{562CB063-BA9E-4692-880B-4727EAF36AD9}.Debug|x86.Build.0 = Debug|Any CPU
		{562CB063-BA9E-4692-880B-4727EAF36AD9}.Release|Any CPU.ActiveCfg = Release|Any CPU
		{562CB063-BA9E-4692-880B-4727EAF36AD9}.Release|Any CPU.Build.0 = Release|Any CPU
		{562CB063-BA9E-4692-880B-4727EAF36AD9}.Release|x64.ActiveCfg = Release|Any CPU
		{562CB063-BA9E-4692-880B-4727EAF36AD9}.Release|x64.Build.0 = Release|Any CPU
		{562CB063-BA9E-4692-880B-4727EAF36AD9}.Release|x86.ActiveCfg = Release|Any CPU
		{562CB063-BA9E-4692-880B-4727EAF36AD9}.Release|x86.Build.0 = Release|Any CPU
		{7482252D-5647-496B-A7AC-D75949706B31}.Debug|Any CPU.ActiveCfg = Debug|Any CPU
		{7482252D-5647-496B-A7AC-D75949706B31}.Debug|Any CPU.Build.0 = Debug|Any CPU
		{7482252D-5647-496B-A7AC-D75949706B31}.Debug|x64.ActiveCfg = Debug|Any CPU
		{7482252D-5647-496B-A7AC-D75949706B31}.Debug|x64.Build.0 = Debug|Any CPU
		{7482252D-5647-496B-A7AC-D75949706B31}.Debug|x86.ActiveCfg = Debug|Any CPU
		{7482252D-5647-496B-A7AC-D75949706B31}.Debug|x86.Build.0 = Debug|Any CPU
		{7482252D-5647-496B-A7AC-D75949706B31}.Release|Any CPU.ActiveCfg = Release|Any CPU
		{7482252D-5647-496B-A7AC-D75949706B31}.Release|Any CPU.Build.0 = Release|Any CPU
		{7482252D-5647-496B-A7AC-D75949706B31}.Release|x64.ActiveCfg = Release|Any CPU
		{7482252D-5647-496B-A7AC-D75949706B31}.Release|x64.Build.0 = Release|Any CPU
		{7482252D-5647-496B-A7AC-D75949706B31}.Release|x86.ActiveCfg = Release|Any CPU
		{7482252D-5647-496B-A7AC-D75949706B31}.Release|x86.Build.0 = Release|Any CPU
		{CB47F5A5-1421-4C14-BC76-3AA5FF7B5541}.Debug|Any CPU.ActiveCfg = Debug|Any CPU
		{CB47F5A5-1421-4C14-BC76-3AA5FF7B5541}.Debug|Any CPU.Build.0 = Debug|Any CPU
		{CB47F5A5-1421-4C14-BC76-3AA5FF7B5541}.Debug|x64.ActiveCfg = Debug|Any CPU
		{CB47F5A5-1421-4C14-BC76-3AA5FF7B5541}.Debug|x64.Build.0 = Debug|Any CPU
		{CB47F5A5-1421-4C14-BC76-3AA5FF7B5541}.Debug|x86.ActiveCfg = Debug|Any CPU
		{CB47F5A5-1421-4C14-BC76-3AA5FF7B5541}.Debug|x86.Build.0 = Debug|Any CPU
		{CB47F5A5-1421-4C14-BC76-3AA5FF7B5541}.Release|Any CPU.ActiveCfg = Release|Any CPU
		{CB47F5A5-1421-4C14-BC76-3AA5FF7B5541}.Release|Any CPU.Build.0 = Release|Any CPU
		{CB47F5A5-1421-4C14-BC76-3AA5FF7B5541}.Release|x64.ActiveCfg = Release|Any CPU
		{CB47F5A5-1421-4C14-BC76-3AA5FF7B5541}.Release|x64.Build.0 = Release|Any CPU
		{CB47F5A5-1421-4C14-BC76-3AA5FF7B5541}.Release|x86.ActiveCfg = Release|Any CPU
		{CB47F5A5-1421-4C14-BC76-3AA5FF7B5541}.Release|x86.Build.0 = Release|Any CPU
		{C7E10B8F-C572-4215-85E1-4AFCC106DE6C}.Debug|Any CPU.ActiveCfg = Debug|Any CPU
		{C7E10B8F-C572-4215-85E1-4AFCC106DE6C}.Debug|Any CPU.Build.0 = Debug|Any CPU
		{C7E10B8F-C572-4215-85E1-4AFCC106DE6C}.Debug|x64.ActiveCfg = Debug|Any CPU
		{C7E10B8F-C572-4215-85E1-4AFCC106DE6C}.Debug|x64.Build.0 = Debug|Any CPU
		{C7E10B8F-C572-4215-85E1-4AFCC106DE6C}.Debug|x86.ActiveCfg = Debug|Any CPU
		{C7E10B8F-C572-4215-85E1-4AFCC106DE6C}.Debug|x86.Build.0 = Debug|Any CPU
		{C7E10B8F-C572-4215-85E1-4AFCC106DE6C}.Release|Any CPU.ActiveCfg = Release|Any CPU
		{C7E10B8F-C572-4215-85E1-4AFCC106DE6C}.Release|Any CPU.Build.0 = Release|Any CPU
		{C7E10B8F-C572-4215-85E1-4AFCC106DE6C}.Release|x64.ActiveCfg = Release|Any CPU
		{C7E10B8F-C572-4215-85E1-4AFCC106DE6C}.Release|x64.Build.0 = Release|Any CPU
		{C7E10B8F-C572-4215-85E1-4AFCC106DE6C}.Release|x86.ActiveCfg = Release|Any CPU
		{C7E10B8F-C572-4215-85E1-4AFCC106DE6C}.Release|x86.Build.0 = Release|Any CPU
		{BAE79E9E-F5D7-432D-AED7-4B4E7AF1ED7E}.Debug|Any CPU.ActiveCfg = Debug|Any CPU
		{BAE79E9E-F5D7-432D-AED7-4B4E7AF1ED7E}.Debug|Any CPU.Build.0 = Debug|Any CPU
		{BAE79E9E-F5D7-432D-AED7-4B4E7AF1ED7E}.Debug|x64.ActiveCfg = Debug|Any CPU
		{BAE79E9E-F5D7-432D-AED7-4B4E7AF1ED7E}.Debug|x64.Build.0 = Debug|Any CPU
		{BAE79E9E-F5D7-432D-AED7-4B4E7AF1ED7E}.Debug|x86.ActiveCfg = Debug|Any CPU
		{BAE79E9E-F5D7-432D-AED7-4B4E7AF1ED7E}.Debug|x86.Build.0 = Debug|Any CPU
		{BAE79E9E-F5D7-432D-AED7-4B4E7AF1ED7E}.Release|Any CPU.ActiveCfg = Release|Any CPU
		{BAE79E9E-F5D7-432D-AED7-4B4E7AF1ED7E}.Release|Any CPU.Build.0 = Release|Any CPU
		{BAE79E9E-F5D7-432D-AED7-4B4E7AF1ED7E}.Release|x64.ActiveCfg = Release|Any CPU
		{BAE79E9E-F5D7-432D-AED7-4B4E7AF1ED7E}.Release|x64.Build.0 = Release|Any CPU
		{BAE79E9E-F5D7-432D-AED7-4B4E7AF1ED7E}.Release|x86.ActiveCfg = Release|Any CPU
		{BAE79E9E-F5D7-432D-AED7-4B4E7AF1ED7E}.Release|x86.Build.0 = Release|Any CPU
		{EFA61BF8-6D1C-4BC5-869C-EEB565516439}.Debug|Any CPU.ActiveCfg = Debug|Any CPU
		{EFA61BF8-6D1C-4BC5-869C-EEB565516439}.Debug|Any CPU.Build.0 = Debug|Any CPU
		{EFA61BF8-6D1C-4BC5-869C-EEB565516439}.Debug|x64.ActiveCfg = Debug|Any CPU
		{EFA61BF8-6D1C-4BC5-869C-EEB565516439}.Debug|x64.Build.0 = Debug|Any CPU
		{EFA61BF8-6D1C-4BC5-869C-EEB565516439}.Debug|x86.ActiveCfg = Debug|Any CPU
		{EFA61BF8-6D1C-4BC5-869C-EEB565516439}.Debug|x86.Build.0 = Debug|Any CPU
		{EFA61BF8-6D1C-4BC5-869C-EEB565516439}.Release|Any CPU.ActiveCfg = Release|Any CPU
		{EFA61BF8-6D1C-4BC5-869C-EEB565516439}.Release|Any CPU.Build.0 = Release|Any CPU
		{EFA61BF8-6D1C-4BC5-869C-EEB565516439}.Release|x64.ActiveCfg = Release|Any CPU
		{EFA61BF8-6D1C-4BC5-869C-EEB565516439}.Release|x64.Build.0 = Release|Any CPU
		{EFA61BF8-6D1C-4BC5-869C-EEB565516439}.Release|x86.ActiveCfg = Release|Any CPU
		{EFA61BF8-6D1C-4BC5-869C-EEB565516439}.Release|x86.Build.0 = Release|Any CPU
		{FDCE9D8A-12DF-4BD1-B426-E7EF64427B1D}.Debug|Any CPU.ActiveCfg = Debug|Any CPU
		{FDCE9D8A-12DF-4BD1-B426-E7EF64427B1D}.Debug|Any CPU.Build.0 = Debug|Any CPU
		{FDCE9D8A-12DF-4BD1-B426-E7EF64427B1D}.Debug|x64.ActiveCfg = Debug|Any CPU
		{FDCE9D8A-12DF-4BD1-B426-E7EF64427B1D}.Debug|x64.Build.0 = Debug|Any CPU
		{FDCE9D8A-12DF-4BD1-B426-E7EF64427B1D}.Debug|x86.ActiveCfg = Debug|Any CPU
		{FDCE9D8A-12DF-4BD1-B426-E7EF64427B1D}.Debug|x86.Build.0 = Debug|Any CPU
		{FDCE9D8A-12DF-4BD1-B426-E7EF64427B1D}.Release|Any CPU.ActiveCfg = Release|Any CPU
		{FDCE9D8A-12DF-4BD1-B426-E7EF64427B1D}.Release|Any CPU.Build.0 = Release|Any CPU
		{FDCE9D8A-12DF-4BD1-B426-E7EF64427B1D}.Release|x64.ActiveCfg = Release|Any CPU
		{FDCE9D8A-12DF-4BD1-B426-E7EF64427B1D}.Release|x64.Build.0 = Release|Any CPU
		{FDCE9D8A-12DF-4BD1-B426-E7EF64427B1D}.Release|x86.ActiveCfg = Release|Any CPU
		{FDCE9D8A-12DF-4BD1-B426-E7EF64427B1D}.Release|x86.Build.0 = Release|Any CPU
		{974A7075-FD56-48AA-9C03-5404AF84EE7D}.Debug|Any CPU.ActiveCfg = Debug|Any CPU
		{974A7075-FD56-48AA-9C03-5404AF84EE7D}.Debug|Any CPU.Build.0 = Debug|Any CPU
		{974A7075-FD56-48AA-9C03-5404AF84EE7D}.Debug|x64.ActiveCfg = Debug|Any CPU
		{974A7075-FD56-48AA-9C03-5404AF84EE7D}.Debug|x64.Build.0 = Debug|Any CPU
		{974A7075-FD56-48AA-9C03-5404AF84EE7D}.Debug|x86.ActiveCfg = Debug|Any CPU
		{974A7075-FD56-48AA-9C03-5404AF84EE7D}.Debug|x86.Build.0 = Debug|Any CPU
		{974A7075-FD56-48AA-9C03-5404AF84EE7D}.Release|Any CPU.ActiveCfg = Release|Any CPU
		{974A7075-FD56-48AA-9C03-5404AF84EE7D}.Release|Any CPU.Build.0 = Release|Any CPU
		{974A7075-FD56-48AA-9C03-5404AF84EE7D}.Release|x64.ActiveCfg = Release|Any CPU
		{974A7075-FD56-48AA-9C03-5404AF84EE7D}.Release|x64.Build.0 = Release|Any CPU
		{974A7075-FD56-48AA-9C03-5404AF84EE7D}.Release|x86.ActiveCfg = Release|Any CPU
		{974A7075-FD56-48AA-9C03-5404AF84EE7D}.Release|x86.Build.0 = Release|Any CPU
		{3133D60B-0802-404C-A168-364FBDB694B2}.Debug|Any CPU.ActiveCfg = Debug|Any CPU
		{3133D60B-0802-404C-A168-364FBDB694B2}.Debug|Any CPU.Build.0 = Debug|Any CPU
		{3133D60B-0802-404C-A168-364FBDB694B2}.Debug|x64.ActiveCfg = Debug|Any CPU
		{3133D60B-0802-404C-A168-364FBDB694B2}.Debug|x64.Build.0 = Debug|Any CPU
		{3133D60B-0802-404C-A168-364FBDB694B2}.Debug|x86.ActiveCfg = Debug|Any CPU
		{3133D60B-0802-404C-A168-364FBDB694B2}.Debug|x86.Build.0 = Debug|Any CPU
		{3133D60B-0802-404C-A168-364FBDB694B2}.Release|Any CPU.ActiveCfg = Release|Any CPU
		{3133D60B-0802-404C-A168-364FBDB694B2}.Release|Any CPU.Build.0 = Release|Any CPU
		{3133D60B-0802-404C-A168-364FBDB694B2}.Release|x64.ActiveCfg = Release|Any CPU
		{3133D60B-0802-404C-A168-364FBDB694B2}.Release|x64.Build.0 = Release|Any CPU
		{3133D60B-0802-404C-A168-364FBDB694B2}.Release|x86.ActiveCfg = Release|Any CPU
		{3133D60B-0802-404C-A168-364FBDB694B2}.Release|x86.Build.0 = Release|Any CPU
		{CE33C234-23E7-436E-A07A-9685AD05803A}.Debug|Any CPU.ActiveCfg = Debug|Any CPU
		{CE33C234-23E7-436E-A07A-9685AD05803A}.Debug|Any CPU.Build.0 = Debug|Any CPU
		{CE33C234-23E7-436E-A07A-9685AD05803A}.Debug|x64.ActiveCfg = Debug|Any CPU
		{CE33C234-23E7-436E-A07A-9685AD05803A}.Debug|x64.Build.0 = Debug|Any CPU
		{CE33C234-23E7-436E-A07A-9685AD05803A}.Debug|x86.ActiveCfg = Debug|Any CPU
		{CE33C234-23E7-436E-A07A-9685AD05803A}.Debug|x86.Build.0 = Debug|Any CPU
		{CE33C234-23E7-436E-A07A-9685AD05803A}.Release|Any CPU.ActiveCfg = Release|Any CPU
		{CE33C234-23E7-436E-A07A-9685AD05803A}.Release|Any CPU.Build.0 = Release|Any CPU
		{CE33C234-23E7-436E-A07A-9685AD05803A}.Release|x64.ActiveCfg = Release|Any CPU
		{CE33C234-23E7-436E-A07A-9685AD05803A}.Release|x64.Build.0 = Release|Any CPU
		{CE33C234-23E7-436E-A07A-9685AD05803A}.Release|x86.ActiveCfg = Release|Any CPU
		{CE33C234-23E7-436E-A07A-9685AD05803A}.Release|x86.Build.0 = Release|Any CPU
		{92DB9251-F266-4DB8-93F6-F29F694343DF}.Debug|Any CPU.ActiveCfg = Debug|Any CPU
		{92DB9251-F266-4DB8-93F6-F29F694343DF}.Debug|Any CPU.Build.0 = Debug|Any CPU
		{92DB9251-F266-4DB8-93F6-F29F694343DF}.Debug|x64.ActiveCfg = Debug|Any CPU
		{92DB9251-F266-4DB8-93F6-F29F694343DF}.Debug|x64.Build.0 = Debug|Any CPU
		{92DB9251-F266-4DB8-93F6-F29F694343DF}.Debug|x86.ActiveCfg = Debug|Any CPU
		{92DB9251-F266-4DB8-93F6-F29F694343DF}.Debug|x86.Build.0 = Debug|Any CPU
		{92DB9251-F266-4DB8-93F6-F29F694343DF}.Release|Any CPU.ActiveCfg = Release|Any CPU
		{92DB9251-F266-4DB8-93F6-F29F694343DF}.Release|Any CPU.Build.0 = Release|Any CPU
		{92DB9251-F266-4DB8-93F6-F29F694343DF}.Release|x64.ActiveCfg = Release|Any CPU
		{92DB9251-F266-4DB8-93F6-F29F694343DF}.Release|x64.Build.0 = Release|Any CPU
		{92DB9251-F266-4DB8-93F6-F29F694343DF}.Release|x86.ActiveCfg = Release|Any CPU
		{92DB9251-F266-4DB8-93F6-F29F694343DF}.Release|x86.Build.0 = Release|Any CPU
		{2C7BABB4-B465-40CC-92B6-27AC03F1E988}.Debug|Any CPU.ActiveCfg = Debug|Any CPU
		{2C7BABB4-B465-40CC-92B6-27AC03F1E988}.Debug|Any CPU.Build.0 = Debug|Any CPU
		{2C7BABB4-B465-40CC-92B6-27AC03F1E988}.Debug|x64.ActiveCfg = Debug|Any CPU
		{2C7BABB4-B465-40CC-92B6-27AC03F1E988}.Debug|x64.Build.0 = Debug|Any CPU
		{2C7BABB4-B465-40CC-92B6-27AC03F1E988}.Debug|x86.ActiveCfg = Debug|Any CPU
		{2C7BABB4-B465-40CC-92B6-27AC03F1E988}.Debug|x86.Build.0 = Debug|Any CPU
		{2C7BABB4-B465-40CC-92B6-27AC03F1E988}.Release|Any CPU.ActiveCfg = Release|Any CPU
		{2C7BABB4-B465-40CC-92B6-27AC03F1E988}.Release|Any CPU.Build.0 = Release|Any CPU
		{2C7BABB4-B465-40CC-92B6-27AC03F1E988}.Release|x64.ActiveCfg = Release|Any CPU
		{2C7BABB4-B465-40CC-92B6-27AC03F1E988}.Release|x64.Build.0 = Release|Any CPU
		{2C7BABB4-B465-40CC-92B6-27AC03F1E988}.Release|x86.ActiveCfg = Release|Any CPU
		{2C7BABB4-B465-40CC-92B6-27AC03F1E988}.Release|x86.Build.0 = Release|Any CPU
		{FABC5697-527C-4D46-A0C0-185CC67849D3}.Debug|Any CPU.ActiveCfg = Debug|Any CPU
		{FABC5697-527C-4D46-A0C0-185CC67849D3}.Debug|Any CPU.Build.0 = Debug|Any CPU
		{FABC5697-527C-4D46-A0C0-185CC67849D3}.Debug|x64.ActiveCfg = Debug|Any CPU
		{FABC5697-527C-4D46-A0C0-185CC67849D3}.Debug|x64.Build.0 = Debug|Any CPU
		{FABC5697-527C-4D46-A0C0-185CC67849D3}.Debug|x86.ActiveCfg = Debug|Any CPU
		{FABC5697-527C-4D46-A0C0-185CC67849D3}.Debug|x86.Build.0 = Debug|Any CPU
		{FABC5697-527C-4D46-A0C0-185CC67849D3}.Release|Any CPU.ActiveCfg = Release|Any CPU
		{FABC5697-527C-4D46-A0C0-185CC67849D3}.Release|Any CPU.Build.0 = Release|Any CPU
		{FABC5697-527C-4D46-A0C0-185CC67849D3}.Release|x64.ActiveCfg = Release|Any CPU
		{FABC5697-527C-4D46-A0C0-185CC67849D3}.Release|x64.Build.0 = Release|Any CPU
		{FABC5697-527C-4D46-A0C0-185CC67849D3}.Release|x86.ActiveCfg = Release|Any CPU
		{FABC5697-527C-4D46-A0C0-185CC67849D3}.Release|x86.Build.0 = Release|Any CPU
	EndGlobalSection
	GlobalSection(SolutionProperties) = preSolution
		HideSolutionNode = FALSE
	EndGlobalSection
	GlobalSection(NestedProjects) = preSolution
		{031114DE-80D6-48E8-9A31-7AA6137D97C6} = {479BE379-D398-4FA3-BD06-685FCF2B159D}
		{D43DE92F-89D8-4C40-A587-C7937C2F165F} = {479BE379-D398-4FA3-BD06-685FCF2B159D}
		{51219A46-DF81-4247-B331-7C8FC467F29F} = {479BE379-D398-4FA3-BD06-685FCF2B159D}
		{50C11DF7-0AC4-46D2-931D-9466CC002EE8} = {479BE379-D398-4FA3-BD06-685FCF2B159D}
		{4B0690BF-5F23-4C3E-8B1B-0DB4DC5E363B} = {479BE379-D398-4FA3-BD06-685FCF2B159D}
		{9D73C6B2-404E-40C9-BF6F-D8EE648DEDC1} = {479BE379-D398-4FA3-BD06-685FCF2B159D}
		{D47D8101-7AF9-42FB-A5FC-5D41005221D7} = {9D73C6B2-404E-40C9-BF6F-D8EE648DEDC1}
		{562CB063-BA9E-4692-880B-4727EAF36AD9} = {9D73C6B2-404E-40C9-BF6F-D8EE648DEDC1}
		{7482252D-5647-496B-A7AC-D75949706B31} = {9D73C6B2-404E-40C9-BF6F-D8EE648DEDC1}
		{CB47F5A5-1421-4C14-BC76-3AA5FF7B5541} = {9D73C6B2-404E-40C9-BF6F-D8EE648DEDC1}
		{C7E10B8F-C572-4215-85E1-4AFCC106DE6C} = {D43DE92F-89D8-4C40-A587-C7937C2F165F}
		{BAE79E9E-F5D7-432D-AED7-4B4E7AF1ED7E} = {D43DE92F-89D8-4C40-A587-C7937C2F165F}
		{EFA61BF8-6D1C-4BC5-869C-EEB565516439} = {D43DE92F-89D8-4C40-A587-C7937C2F165F}
		{FDCE9D8A-12DF-4BD1-B426-E7EF64427B1D} = {51219A46-DF81-4247-B331-7C8FC467F29F}
		{974A7075-FD56-48AA-9C03-5404AF84EE7D} = {51219A46-DF81-4247-B331-7C8FC467F29F}
		{3133D60B-0802-404C-A168-364FBDB694B2} = {031114DE-80D6-48E8-9A31-7AA6137D97C6}
		{CE33C234-23E7-436E-A07A-9685AD05803A} = {031114DE-80D6-48E8-9A31-7AA6137D97C6}
		{92DB9251-F266-4DB8-93F6-F29F694343DF} = {4B0690BF-5F23-4C3E-8B1B-0DB4DC5E363B}
		{2C7BABB4-B465-40CC-92B6-27AC03F1E988} = {4B0690BF-5F23-4C3E-8B1B-0DB4DC5E363B}
		{FABC5697-527C-4D46-A0C0-185CC67849D3} = {50C11DF7-0AC4-46D2-931D-9466CC002EE8}
	EndGlobalSection
	GlobalSection(ExtensibilityGlobals) = postSolution
		SolutionGuid = {889A144F-7413-4563-AB98-25A043000481}
	EndGlobalSection
EndGlobal
